
Microsoft Visual Studio Solution File, Format Version 12.00
# Visual Studio Version 16
VisualStudioVersion = 16.0.30011.22
MinimumVisualStudioVersion = 10.0.40219.1
Project("{FAE04EC0-301F-11D3-BF4B-00C04F79EFBC}") = "WebApplication3", "WebApplication3\WebApplication3.csproj", "{F4DDC3E0-079E-455C-84A5-F25CA5ADE390}"
EndProject
Project("{FAE04EC0-301F-11D3-BF4B-00C04F79EFBC}") = "BooksOnline.Domain", "BooksOnline.Domain\BooksOnline.Domain.csproj", "{BEF3D34C-83BA-4237-816E-8EAC261FCC45}"
EndProject
Global
	GlobalSection(SolutionConfigurationPlatforms) = preSolution
		Debug|Any CPU = Debug|Any CPU
		Release|Any CPU = Release|Any CPU
	EndGlobalSection
	GlobalSection(ProjectConfigurationPlatforms) = postSolution
		{F4DDC3E0-079E-455C-84A5-F25CA5ADE390}.Debug|Any CPU.ActiveCfg = Debug|Any CPU
		{F4DDC3E0-079E-455C-84A5-F25CA5ADE390}.Debug|Any CPU.Build.0 = Debug|Any CPU
		{F4DDC3E0-079E-455C-84A5-F25CA5ADE390}.Release|Any CPU.ActiveCfg = Release|Any CPU
		{F4DDC3E0-079E-455C-84A5-F25CA5ADE390}.Release|Any CPU.Build.0 = Release|Any CPU
		{BEF3D34C-83BA-4237-816E-8EAC261FCC45}.Debug|Any CPU.ActiveCfg = Debug|Any CPU
		{BEF3D34C-83BA-4237-816E-8EAC261FCC45}.Debug|Any CPU.Build.0 = Debug|Any CPU
		{BEF3D34C-83BA-4237-816E-8EAC261FCC45}.Release|Any CPU.ActiveCfg = Release|Any CPU
		{BEF3D34C-83BA-4237-816E-8EAC261FCC45}.Release|Any CPU.Build.0 = Release|Any CPU
	EndGlobalSection
	GlobalSection(SolutionProperties) = preSolution
		HideSolutionNode = FALSE
	EndGlobalSection
	GlobalSection(ExtensibilityGlobals) = postSolution
		SolutionGuid = {15C7CDD7-4E54-40DA-B6CC-E339A731D78D}
	EndGlobalSection
EndGlobal
